
Microsoft Visual Studio Solution File, Format Version 12.00
# Visual Studio Version 17
VisualStudioVersion = 17.4.33122.133
MinimumVisualStudioVersion = 10.0.40219.1
Project("{9A19103F-16F7-4668-BE54-9A1E7A4F7556}") = "VSpinner", "Spinner\VSpinner.csproj", "{B4129B74-0224-4CDB-B914-CB6D55D1CDB5}"
EndProject
Project("{9A19103F-16F7-4668-BE54-9A1E7A4F7556}") = "VSpinner.App", "Spinner.App\VSpinner.App.csproj", "{DD9690EE-BEA7-4E93-85AF-BA660109D757}"
EndProject
Global
	GlobalSection(SolutionConfigurationPlatforms) = preSolution
		Debug|Any CPU = Debug|Any CPU
		Release|Any CPU = Release|Any CPU
	EndGlobalSection
	GlobalSection(ProjectConfigurationPlatforms) = postSolution
		{B4129B74-0224-4CDB-B914-CB6D55D1CDB5}.Debug|Any CPU.ActiveCfg = Debug|Any CPU
		{B4129B74-0224-4CDB-B914-CB6D55D1CDB5}.Debug|Any CPU.Build.0 = Debug|Any CPU
		{B4129B74-0224-4CDB-B914-CB6D55D1CDB5}.Release|Any CPU.ActiveCfg = Release|Any CPU
		{B4129B74-0224-4CDB-B914-CB6D55D1CDB5}.Release|Any CPU.Build.0 = Release|Any CPU
		{DD9690EE-BEA7-4E93-85AF-BA660109D757}.Debug|Any CPU.ActiveCfg = Debug|Any CPU
		{DD9690EE-BEA7-4E93-85AF-BA660109D757}.Debug|Any CPU.Build.0 = Debug|Any CPU
		{DD9690EE-BEA7-4E93-85AF-BA660109D757}.Release|Any CPU.ActiveCfg = Release|Any CPU
		{DD9690EE-BEA7-4E93-85AF-BA660109D757}.Release|Any CPU.Build.0 = Release|Any CPU
	EndGlobalSection
	GlobalSection(SolutionProperties) = preSolution
		HideSolutionNode = FALSE
	EndGlobalSection
	GlobalSection(ExtensibilityGlobals) = postSolution
		SolutionGuid = {3B55CDF0-A0B9-4258-957E-88017F4C0204}
	EndGlobalSection
EndGlobal
